
Microsoft Visual Studio Solution File, Format Version 11.00
# Visual Studio 2010
Project("{FAE04EC0-301F-11D3-BF4B-00C04F79EFBC}") = "OfficeHelper", "OfficeHelper\OfficeHelper.csproj", "{C139388D-D9A1-4CF7-B25A-D8CC594F57EC}"
EndProject
Project("{FAE04EC0-301F-11D3-BF4B-00C04F79EFBC}") = "OfficeHelper2", "OfficeHelper2\OfficeHelper2.csproj", "{82AFCFE1-D9E2-4716-9689-CC1D8CC27B83}"
EndProject
Global
	GlobalSection(SolutionConfigurationPlatforms) = preSolution
		Debug|Any CPU = Debug|Any CPU
		Release|Any CPU = Release|Any CPU
	EndGlobalSection
	GlobalSection(ProjectConfigurationPlatforms) = postSolution
		{C139388D-D9A1-4CF7-B25A-D8CC594F57EC}.Debug|Any CPU.ActiveCfg = Debug|Any CPU
		{C139388D-D9A1-4CF7-B25A-D8CC594F57EC}.Debug|Any CPU.Build.0 = Debug|Any CPU
		{C139388D-D9A1-4CF7-B25A-D8CC594F57EC}.Release|Any CPU.ActiveCfg = Release|Any CPU
		{C139388D-D9A1-4CF7-B25A-D8CC594F57EC}.Release|Any CPU.Build.0 = Release|Any CPU
		{82AFCFE1-D9E2-4716-9689-CC1D8CC27B83}.Debug|Any CPU.ActiveCfg = Debug|Any CPU
		{82AFCFE1-D9E2-4716-9689-CC1D8CC27B83}.Debug|Any CPU.Build.0 = Debug|Any CPU
		{82AFCFE1-D9E2-4716-9689-CC1D8CC27B83}.Release|Any CPU.ActiveCfg = Release|Any CPU
		{82AFCFE1-D9E2-4716-9689-CC1D8CC27B83}.Release|Any CPU.Build.0 = Release|Any CPU
	EndGlobalSection
	GlobalSection(SolutionProperties) = preSolution
		HideSolutionNode = FALSE
	EndGlobalSection
EndGlobal
