
Microsoft Visual Studio Solution File, Format Version 10.00
# Visual Studio 2008
Project("{FAE04EC0-301F-11D3-BF4B-00C04F79EFBC}") = "ConversionTools", "ConversionTools\ConversionTools.csproj", "{9F6C2C98-6D88-4ABF-AD03-DDE46B72A521}"
EndProject
Project("{FAE04EC0-301F-11D3-BF4B-00C04F79EFBC}") = "WebTest", "OfficeOnline\WebTest.csproj", "{6851EC8A-45A8-4AA1-9D15-BA9AF16E3799}"
EndProject
Project("{FAE04EC0-301F-11D3-BF4B-00C04F79EFBC}") = "CKEditor", "CKEditor\CKEditor.csproj", "{225D9432-FBC8-4AA0-B65F-BBBDB29F25DA}"
EndProject
Project("{FAE04EC0-301F-11D3-BF4B-00C04F79EFBC}") = "DSOframer", "DSOframer\DSOframer.csproj", "{E45541BF-1742-44FE-9DF0-FA616462828E}"
EndProject
Global
	GlobalSection(SolutionConfigurationPlatforms) = preSolution
		Debug|Any CPU = Debug|Any CPU
		Release|Any CPU = Release|Any CPU
	EndGlobalSection
	GlobalSection(ProjectConfigurationPlatforms) = postSolution
		{9F6C2C98-6D88-4ABF-AD03-DDE46B72A521}.Debug|Any CPU.ActiveCfg = Debug|Any CPU
		{9F6C2C98-6D88-4ABF-AD03-DDE46B72A521}.Debug|Any CPU.Build.0 = Debug|Any CPU
		{9F6C2C98-6D88-4ABF-AD03-DDE46B72A521}.Release|Any CPU.ActiveCfg = Release|Any CPU
		{9F6C2C98-6D88-4ABF-AD03-DDE46B72A521}.Release|Any CPU.Build.0 = Release|Any CPU
		{6851EC8A-45A8-4AA1-9D15-BA9AF16E3799}.Debug|Any CPU.ActiveCfg = Debug|Any CPU
		{6851EC8A-45A8-4AA1-9D15-BA9AF16E3799}.Debug|Any CPU.Build.0 = Debug|Any CPU
		{6851EC8A-45A8-4AA1-9D15-BA9AF16E3799}.Release|Any CPU.ActiveCfg = Release|Any CPU
		{6851EC8A-45A8-4AA1-9D15-BA9AF16E3799}.Release|Any CPU.Build.0 = Release|Any CPU
		{225D9432-FBC8-4AA0-B65F-BBBDB29F25DA}.Debug|Any CPU.ActiveCfg = Debug|Any CPU
		{225D9432-FBC8-4AA0-B65F-BBBDB29F25DA}.Debug|Any CPU.Build.0 = Debug|Any CPU
		{225D9432-FBC8-4AA0-B65F-BBBDB29F25DA}.Release|Any CPU.ActiveCfg = Release|Any CPU
		{225D9432-FBC8-4AA0-B65F-BBBDB29F25DA}.Release|Any CPU.Build.0 = Release|Any CPU
		{E45541BF-1742-44FE-9DF0-FA616462828E}.Debug|Any CPU.ActiveCfg = Debug|Any CPU
		{E45541BF-1742-44FE-9DF0-FA616462828E}.Debug|Any CPU.Build.0 = Debug|Any CPU
		{E45541BF-1742-44FE-9DF0-FA616462828E}.Release|Any CPU.ActiveCfg = Release|Any CPU
		{E45541BF-1742-44FE-9DF0-FA616462828E}.Release|Any CPU.Build.0 = Release|Any CPU
	EndGlobalSection
	GlobalSection(SolutionProperties) = preSolution
		HideSolutionNode = FALSE
	EndGlobalSection
EndGlobal
